
Microsoft Visual Studio Solution File, Format Version 12.00
# Visual Studio 14
VisualStudioVersion = 14.0.25420.1
MinimumVisualStudioVersion = 10.0.40219.1
Project("{2150E333-8FDC-42A3-9474-1A3956D46DE8}") = "Common", "Common", "{6D81DA2B-BD2D-4D96-B438-EDB9A47E61AA}"
EndProject
Project("{2150E333-8FDC-42A3-9474-1A3956D46DE8}") = "Integration", "Integration", "{001D4007-16E4-4E76-B5A4-0663AF1F27D4}"
EndProject
Project("{2150E333-8FDC-42A3-9474-1A3956D46DE8}") = "Tools", "Tools", "{C23783C2-6669-4267-BC06-2BF174C682AC}"
EndProject
Project("{FAE04EC0-301F-11D3-BF4B-00C04F79EFBC}") = "EToll.Common", "Common\EToll.Common\EToll.Common.csproj", "{73986824-AFFB-4A33-88B1-AB2E87036804}"
EndProject
Global
	GlobalSection(SolutionConfigurationPlatforms) = preSolution
		Debug|Any CPU = Debug|Any CPU
		Release|Any CPU = Release|Any CPU
	EndGlobalSection
	GlobalSection(ProjectConfigurationPlatforms) = postSolution
		{73986824-AFFB-4A33-88B1-AB2E87036804}.Debug|Any CPU.ActiveCfg = Debug|Any CPU
		{73986824-AFFB-4A33-88B1-AB2E87036804}.Debug|Any CPU.Build.0 = Debug|Any CPU
		{73986824-AFFB-4A33-88B1-AB2E87036804}.Release|Any CPU.ActiveCfg = Release|Any CPU
		{73986824-AFFB-4A33-88B1-AB2E87036804}.Release|Any CPU.Build.0 = Release|Any CPU
	EndGlobalSection
	GlobalSection(SolutionProperties) = preSolution
		HideSolutionNode = FALSE
	EndGlobalSection
	GlobalSection(NestedProjects) = preSolution
		{73986824-AFFB-4A33-88B1-AB2E87036804} = {6D81DA2B-BD2D-4D96-B438-EDB9A47E61AA}
	EndGlobalSection
EndGlobal
